
Microsoft Visual Studio Solution File, Format Version 12.00
# Visual Studio Version 17
VisualStudioVersion = 17.9.34728.123
MinimumVisualStudioVersion = 10.0.40219.1
Project("{8BC9CEB8-8B4A-11D0-8D11-00A0C91BC942}") = "C++ calculator", "C++ calculator\C++ calculator.vcxproj", "{23CD0AD9-3A6C-4AF2-8E23-50D24930F994}"
EndProject
Global
	GlobalSection(SolutionConfigurationPlatforms) = preSolution
		Debug|x64 = Debug|x64
		Debug|x86 = Debug|x86
		Release|x64 = Release|x64
		Release|x86 = Release|x86
	EndGlobalSection
	GlobalSection(ProjectConfigurationPlatforms) = postSolution
		{23CD0AD9-3A6C-4AF2-8E23-50D24930F994}.Debug|x64.ActiveCfg = Debug|x64
		{23CD0AD9-3A6C-4AF2-8E23-50D24930F994}.Debug|x64.Build.0 = Debug|x64
		{23CD0AD9-3A6C-4AF2-8E23-50D24930F994}.Debug|x86.ActiveCfg = Debug|Win32
		{23CD0AD9-3A6C-4AF2-8E23-50D24930F994}.Debug|x86.Build.0 = Debug|Win32
		{23CD0AD9-3A6C-4AF2-8E23-50D24930F994}.Release|x64.ActiveCfg = Release|x64
		{23CD0AD9-3A6C-4AF2-8E23-50D24930F994}.Release|x64.Build.0 = Release|x64
		{23CD0AD9-3A6C-4AF2-8E23-50D24930F994}.Release|x86.ActiveCfg = Release|Win32
		{23CD0AD9-3A6C-4AF2-8E23-50D24930F994}.Release|x86.Build.0 = Release|Win32
	EndGlobalSection
	GlobalSection(SolutionProperties) = preSolution
		HideSolutionNode = FALSE
	EndGlobalSection
	GlobalSection(ExtensibilityGlobals) = postSolution
		SolutionGuid = {F3A93CE7-D28B-45E9-996D-CF107BEB407D}
	EndGlobalSection
EndGlobal
